
Microsoft Visual Studio Solution File, Format Version 12.00
# Visual Studio Version 17
VisualStudioVersion = 17.0.31903.59
MinimumVisualStudioVersion = 10.0.40219.1
Project("{2150E333-8FDC-42A3-9474-1A3956D46DE8}") = "src", "src", "{F18A1535-0926-408D-A3D1-8918C452CF4E}"
EndProject
Project("{FAE04EC0-301F-11D3-BF4B-00C04F79EFBC}") = "Examples.Web.Infrastructure", "src\Examples.Web.Infrastructure\Examples.Web.Infrastructure.csproj", "{1E931142-E0D7-4208-9297-EC67C9D9A7F9}"
EndProject
Project("{FAE04EC0-301F-11D3-BF4B-00C04F79EFBC}") = "Examples.Web.Infrastructure.Tests", "src\Examples.Web.Infrastructure.Tests\Examples.Web.Infrastructure.Tests.csproj", "{73A80725-E219-4403-92F5-CB1D651F1DF0}"
EndProject
Project("{FAE04EC0-301F-11D3-BF4B-00C04F79EFBC}") = "Examples.Web.WebAPI", "src\Examples.Web.WebAPI\Examples.Web.WebAPI.csproj", "{7B903749-0FB5-42C8-93BE-6019E5855CB2}"
EndProject
Global
	GlobalSection(SolutionConfigurationPlatforms) = preSolution
		Debug|Any CPU = Debug|Any CPU
		Release|Any CPU = Release|Any CPU
	EndGlobalSection
	GlobalSection(SolutionProperties) = preSolution
		HideSolutionNode = FALSE
	EndGlobalSection
	GlobalSection(ProjectConfigurationPlatforms) = postSolution
		{1E931142-E0D7-4208-9297-EC67C9D9A7F9}.Debug|Any CPU.ActiveCfg = Debug|Any CPU
		{1E931142-E0D7-4208-9297-EC67C9D9A7F9}.Debug|Any CPU.Build.0 = Debug|Any CPU
		{1E931142-E0D7-4208-9297-EC67C9D9A7F9}.Release|Any CPU.ActiveCfg = Release|Any CPU
		{1E931142-E0D7-4208-9297-EC67C9D9A7F9}.Release|Any CPU.Build.0 = Release|Any CPU
		{73A80725-E219-4403-92F5-CB1D651F1DF0}.Debug|Any CPU.ActiveCfg = Debug|Any CPU
		{73A80725-E219-4403-92F5-CB1D651F1DF0}.Debug|Any CPU.Build.0 = Debug|Any CPU
		{73A80725-E219-4403-92F5-CB1D651F1DF0}.Release|Any CPU.ActiveCfg = Release|Any CPU
		{73A80725-E219-4403-92F5-CB1D651F1DF0}.Release|Any CPU.Build.0 = Release|Any CPU
		{7B903749-0FB5-42C8-93BE-6019E5855CB2}.Debug|Any CPU.ActiveCfg = Debug|Any CPU
		{7B903749-0FB5-42C8-93BE-6019E5855CB2}.Debug|Any CPU.Build.0 = Debug|Any CPU
		{7B903749-0FB5-42C8-93BE-6019E5855CB2}.Release|Any CPU.ActiveCfg = Release|Any CPU
		{7B903749-0FB5-42C8-93BE-6019E5855CB2}.Release|Any CPU.Build.0 = Release|Any CPU
	EndGlobalSection
	GlobalSection(NestedProjects) = preSolution
		{1E931142-E0D7-4208-9297-EC67C9D9A7F9} = {F18A1535-0926-408D-A3D1-8918C452CF4E}
		{73A80725-E219-4403-92F5-CB1D651F1DF0} = {F18A1535-0926-408D-A3D1-8918C452CF4E}
		{7B903749-0FB5-42C8-93BE-6019E5855CB2} = {F18A1535-0926-408D-A3D1-8918C452CF4E}
	EndGlobalSection
EndGlobal
